// !$*UTF8*$!
{
	archiveVersion = 1;
	classes = {
	};
	objectVersion = 45;
	objects = {

/* Begin PBXBuildFile section */
		133A917F17E9745A00E3CC62 /* LICENSE in Resources */ = {isa = PBXBuildFile; fileRef = 133A916C17E9745A00E3CC62 /* LICENSE */; };
		133A918017E9745A00E3CC62 /* MailHeaderString.m in Sources */ = {isa = PBXBuildFile; fileRef = 133A916E17E9745A00E3CC62 /* MailHeaderString.m */; };
		133A918117E9745A00E3CC62 /* MailQuotedOriginal.m in Sources */ = {isa = PBXBuildFile; fileRef = 133A917017E9745A00E3CC62 /* MailQuotedOriginal.m */; };
		133A918217E9745A00E3CC62 /* ReplyWithHeader.icns in Resources */ = {isa = PBXBuildFile; fileRef = 133A917317E9745A00E3CC62 /* ReplyWithHeader.icns */; };
		133A918317E9745A00E3CC62 /* ReplyWithHeader.m in Sources */ = {isa = PBXBuildFile; fileRef = 133A917417E9745A00E3CC62 /* ReplyWithHeader.m */; };
		133A918417E9745A00E3CC62 /* ReplyWithHeaderMessage.m in Sources */ = {isa = PBXBuildFile; fileRef = 133A917717E9745A00E3CC62 /* ReplyWithHeaderMessage.m */; };
		133A918517E9745A00E3CC62 /* ReplyWithHeaderPreferences.m in Sources */ = {isa = PBXBuildFile; fileRef = 133A917917E9745A00E3CC62 /* ReplyWithHeaderPreferences.m */; };
		133A918617E9745A00E3CC62 /* ReplyWithHeaderPreferencesModule.m in Sources */ = {isa = PBXBuildFile; fileRef = 133A917B17E9745A00E3CC62 /* ReplyWithHeaderPreferencesModule.m */; };
		133A918817E9745A00E3CC62 /* RwhPreferencesPanel.xib in Resources */ = {isa = PBXBuildFile; fileRef = 133A917D17E9745A00E3CC62 /* RwhPreferencesPanel.xib */; };
		319C9B6C1634042200C420B3 /* PreferencePanes.framework in Frameworks */ = {isa = PBXBuildFile; fileRef = 31024ADF161184340071587E /* PreferencePanes.framework */; };
		31AF6C9B1482DD4F00C8ACEB /* ReplyWithHeader.mailbundle in CopyFiles */ = {isa = PBXBuildFile; fileRef = 8D1107320486CEB800E47090 /* ReplyWithHeader.mailbundle */; };
		4D5FEE8512723C7000A945C5 /* Message.framework in Frameworks */ = {isa = PBXBuildFile; fileRef = 4D5FEE7912723B4900A945C5 /* Message.framework */; };
		4D5FF0AA127255C500A945C5 /* WebKit.framework in Frameworks */ = {isa = PBXBuildFile; fileRef = 4D5FF0A9127255C500A945C5 /* WebKit.framework */; };
		8D11072F0486CEB800E47090 /* Cocoa.framework in Frameworks */ = {isa = PBXBuildFile; fileRef = 1058C7A1FEA54F0111CA2CBB /* Cocoa.framework */; };
/* End PBXBuildFile section */

/* Begin PBXCopyFilesBuildPhase section */
		31AF6C991482DD1E00C8ACEB /* CopyFiles */ = {
			isa = PBXCopyFilesBuildPhase;
			buildActionMask = 12;
			dstPath = "~/Library/Mail/Bundles";
			dstSubfolderSpec = 0;
			files = (
				31AF6C9B1482DD4F00C8ACEB /* ReplyWithHeader.mailbundle in CopyFiles */,
			);
			runOnlyForDeploymentPostprocessing = 0;
		};
/* End PBXCopyFilesBuildPhase section */

/* Begin PBXFileReference section */
		1058C7A1FEA54F0111CA2CBB /* Cocoa.framework */ = {isa = PBXFileReference; lastKnownFileType = wrapper.framework; name = Cocoa.framework; path = /System/Library/Frameworks/Cocoa.framework; sourceTree = "<absolute>"; };
		133A916B17E9745A00E3CC62 /* English */ = {isa = PBXFileReference; lastKnownFileType = text.plist.strings; name = English; path = English.lproj/InfoPlist.strings; sourceTree = "<group>"; };
		133A916C17E9745A00E3CC62 /* LICENSE */ = {isa = PBXFileReference; fileEncoding = 4; lastKnownFileType = text; path = LICENSE; sourceTree = "<group>"; };
		133A916D17E9745A00E3CC62 /* MailHeaderString.h */ = {isa = PBXFileReference; fileEncoding = 4; lastKnownFileType = sourcecode.c.h; path = MailHeaderString.h; sourceTree = "<group>"; };
		133A916E17E9745A00E3CC62 /* MailHeaderString.m */ = {isa = PBXFileReference; fileEncoding = 4; lastKnownFileType = sourcecode.c.objc; path = MailHeaderString.m; sourceTree = "<group>"; };
		133A916F17E9745A00E3CC62 /* MailQuotedOriginal.h */ = {isa = PBXFileReference; fileEncoding = 4; lastKnownFileType = sourcecode.c.h; path = MailQuotedOriginal.h; sourceTree = "<group>"; };
		133A917017E9745A00E3CC62 /* MailQuotedOriginal.m */ = {isa = PBXFileReference; fileEncoding = 4; lastKnownFileType = sourcecode.c.objc; path = MailQuotedOriginal.m; sourceTree = "<group>"; };
		133A917117E9745A00E3CC62 /* NSPreferencesModule.h */ = {isa = PBXFileReference; fileEncoding = 4; lastKnownFileType = sourcecode.c.h; path = NSPreferencesModule.h; sourceTree = "<group>"; };
		133A917217E9745A00E3CC62 /* ReplyWithHeader.h */ = {isa = PBXFileReference; fileEncoding = 4; lastKnownFileType = sourcecode.c.h; path = ReplyWithHeader.h; sourceTree = "<group>"; };
		133A917317E9745A00E3CC62 /* ReplyWithHeader.icns */ = {isa = PBXFileReference; lastKnownFileType = image.icns; path = ReplyWithHeader.icns; sourceTree = "<group>"; };
		133A917417E9745A00E3CC62 /* ReplyWithHeader.m */ = {isa = PBXFileReference; fileEncoding = 4; lastKnownFileType = sourcecode.c.objc; path = ReplyWithHeader.m; sourceTree = "<group>"; };
		133A917517E9745A00E3CC62 /* ReplyWithHeader_Prefix.pch */ = {isa = PBXFileReference; fileEncoding = 4; lastKnownFileType = sourcecode.c.h; path = ReplyWithHeader_Prefix.pch; sourceTree = "<group>"; };
		133A917617E9745A00E3CC62 /* ReplyWithHeaderMessage.h */ = {isa = PBXFileReference; fileEncoding = 4; lastKnownFileType = sourcecode.c.h; path = ReplyWithHeaderMessage.h; sourceTree = "<group>"; };
		133A917717E9745A00E3CC62 /* ReplyWithHeaderMessage.m */ = {isa = PBXFileReference; fileEncoding = 4; lastKnownFileType = sourcecode.c.objc; path = ReplyWithHeaderMessage.m; sourceTree = "<group>"; };
		133A917817E9745A00E3CC62 /* ReplyWithHeaderPreferences.h */ = {isa = PBXFileReference; fileEncoding = 4; lastKnownFileType = sourcecode.c.h; path = ReplyWithHeaderPreferences.h; sourceTree = "<group>"; };
		133A917917E9745A00E3CC62 /* ReplyWithHeaderPreferences.m */ = {isa = PBXFileReference; fileEncoding = 4; lastKnownFileType = sourcecode.c.objc; path = ReplyWithHeaderPreferences.m; sourceTree = "<group>"; };
		133A917A17E9745A00E3CC62 /* ReplyWithHeaderPreferencesModule.h */ = {isa = PBXFileReference; fileEncoding = 4; lastKnownFileType = sourcecode.c.h; path = ReplyWithHeaderPreferencesModule.h; sourceTree = "<group>"; };
		133A917B17E9745A00E3CC62 /* ReplyWithHeaderPreferencesModule.m */ = {isa = PBXFileReference; fileEncoding = 4; lastKnownFileType = sourcecode.c.objc; path = ReplyWithHeaderPreferencesModule.m; sourceTree = "<group>"; };
		133A917C17E9745A00E3CC62 /* Rwh-Info.plist */ = {isa = PBXFileReference; fileEncoding = 4; lastKnownFileType = text.plist.xml; path = "Rwh-Info.plist"; sourceTree = "<group>"; };
		133A917D17E9745A00E3CC62 /* RwhPreferencesPanel.xib */ = {isa = PBXFileReference; fileEncoding = 4; lastKnownFileType = file.xib; path = RwhPreferencesPanel.xib; sourceTree = "<group>"; };
		133A919217E9785C00E3CC62 /* Cocoa.framework */ = {isa = PBXFileReference; lastKnownFileType = wrapper.framework; name = Cocoa.framework; path = System/Library/Frameworks/Cocoa.framework; sourceTree = SDKROOT; };
		133A919417E9785C00E3CC62 /* CoreData.framework */ = {isa = PBXFileReference; lastKnownFileType = wrapper.framework; name = CoreData.framework; path = System/Library/Frameworks/CoreData.framework; sourceTree = SDKROOT; };
		133A919717E9785C00E3CC62 /* ReplyWithHeaders-Info.plist */ = {isa = PBXFileReference; lastKnownFileType = text.plist.xml; path = "ReplyWithHeaders-Info.plist"; sourceTree = "<group>"; };
		133A919917E9785C00E3CC62 /* en */ = {isa = PBXFileReference; lastKnownFileType = text.plist.strings; name = en; path = en.lproj/InfoPlist.strings; sourceTree = "<group>"; };
		133A919B17E9785C00E3CC62 /* ReplyWithHeaders-Prefix.pch */ = {isa = PBXFileReference; lastKnownFileType = sourcecode.c.h; path = "ReplyWithHeaders-Prefix.pch"; sourceTree = "<group>"; };
		29B97324FDCFA39411CA2CEA /* AppKit.framework */ = {isa = PBXFileReference; lastKnownFileType = wrapper.framework; name = AppKit.framework; path = /System/Library/Frameworks/AppKit.framework; sourceTree = "<absolute>"; };
		29B97325FDCFA39411CA2CEA /* Foundation.framework */ = {isa = PBXFileReference; lastKnownFileType = wrapper.framework; name = Foundation.framework; path = /System/Library/Frameworks/Foundation.framework; sourceTree = "<absolute>"; };
		31024ADF161184340071587E /* PreferencePanes.framework */ = {isa = PBXFileReference; lastKnownFileType = wrapper.framework; name = PreferencePanes.framework; path = System/Library/Frameworks/PreferencePanes.framework; sourceTree = SDKROOT; };
		4D5FEE7912723B4900A945C5 /* Message.framework */ = {isa = PBXFileReference; lastKnownFileType = wrapper.framework; name = Message.framework; path = /System/Library/Frameworks/Message.framework; sourceTree = "<absolute>"; };
		4D5FF0A9127255C500A945C5 /* WebKit.framework */ = {isa = PBXFileReference; lastKnownFileType = wrapper.framework; name = WebKit.framework; path = /System/Library/Frameworks/WebKit.framework; sourceTree = "<absolute>"; };
		8D1107320486CEB800E47090 /* ReplyWithHeader.mailbundle */ = {isa = PBXFileReference; explicitFileType = wrapper.cfbundle; includeInIndex = 0; path = ReplyWithHeader.mailbundle; sourceTree = BUILT_PRODUCTS_DIR; };
/* End PBXFileReference section */

/* Begin PBXFrameworksBuildPhase section */
		8D11072E0486CEB800E47090 /* Frameworks */ = {
			isa = PBXFrameworksBuildPhase;
			buildActionMask = 2147483647;
			files = (
				319C9B6C1634042200C420B3 /* PreferencePanes.framework in Frameworks */,
				4D5FEE8512723C7000A945C5 /* Message.framework in Frameworks */,
				8D11072F0486CEB800E47090 /* Cocoa.framework in Frameworks */,
				4D5FF0AA127255C500A945C5 /* WebKit.framework in Frameworks */,
			);
			runOnlyForDeploymentPostprocessing = 0;
		};
/* End PBXFrameworksBuildPhase section */

/* Begin PBXGroup section */
		1058C7A0FEA54F0111CA2CBB /* Linked Frameworks */ = {
			isa = PBXGroup;
			children = (
				31024ADF161184340071587E /* PreferencePanes.framework */,
				4D5FF0A9127255C500A945C5 /* WebKit.framework */,
				4D5FEE7912723B4900A945C5 /* Message.framework */,
				1058C7A1FEA54F0111CA2CBB /* Cocoa.framework */,
			);
			name = "Linked Frameworks";
			sourceTree = "<group>";
		};
		1058C7A2FEA54F0111CA2CBB /* Other Frameworks */ = {
			isa = PBXGroup;
			children = (
				29B97324FDCFA39411CA2CEA /* AppKit.framework */,
				29B97325FDCFA39411CA2CEA /* Foundation.framework */,
				133A919417E9785C00E3CC62 /* CoreData.framework */,
			);
			name = "Other Frameworks";
			sourceTree = "<group>";
		};
		133A916917E9745A00E3CC62 /* ReplyWithHeader */ = {
			isa = PBXGroup;
			children = (
				133A916C17E9745A00E3CC62 /* LICENSE */,
				133A918C17E9751A00E3CC62 /* Source */,
				133A918A17E974CE00E3CC62 /* Other Sources */,
				133A918917E974AF00E3CC62 /* Resources */,
			);
			path = ReplyWithHeader;
			sourceTree = "<group>";
		};
		133A918917E974AF00E3CC62 /* Resources */ = {
			isa = PBXGroup;
			children = (
				133A916A17E9745A00E3CC62 /* InfoPlist.strings */,
				133A917317E9745A00E3CC62 /* ReplyWithHeader.icns */,
				133A917C17E9745A00E3CC62 /* Rwh-Info.plist */,
				133A917D17E9745A00E3CC62 /* RwhPreferencesPanel.xib */,
			);
			name = Resources;
			sourceTree = "<group>";
		};
		133A918A17E974CE00E3CC62 /* Other Sources */ = {
			isa = PBXGroup;
			children = (
				133A918B17E974DF00E3CC62 /* AppKit */,
				133A917517E9745A00E3CC62 /* ReplyWithHeader_Prefix.pch */,
			);
			name = "Other Sources";
			sourceTree = "<group>";
		};
		133A918B17E974DF00E3CC62 /* AppKit */ = {
			isa = PBXGroup;
			children = (
				133A917117E9745A00E3CC62 /* NSPreferencesModule.h */,
			);
			name = AppKit;
			sourceTree = "<group>";
		};
		133A918C17E9751A00E3CC62 /* Source */ = {
			isa = PBXGroup;
			children = (
				133A916D17E9745A00E3CC62 /* MailHeaderString.h */,
				133A916E17E9745A00E3CC62 /* MailHeaderString.m */,
				133A916F17E9745A00E3CC62 /* MailQuotedOriginal.h */,
				133A917017E9745A00E3CC62 /* MailQuotedOriginal.m */,
				133A917217E9745A00E3CC62 /* ReplyWithHeader.h */,
				133A917417E9745A00E3CC62 /* ReplyWithHeader.m */,
				133A917617E9745A00E3CC62 /* ReplyWithHeaderMessage.h */,
				133A917717E9745A00E3CC62 /* ReplyWithHeaderMessage.m */,
				133A917817E9745A00E3CC62 /* ReplyWithHeaderPreferences.h */,
				133A917917E9745A00E3CC62 /* ReplyWithHeaderPreferences.m */,
				133A917A17E9745A00E3CC62 /* ReplyWithHeaderPreferencesModule.h */,
				133A917B17E9745A00E3CC62 /* ReplyWithHeaderPreferencesModule.m */,
			);
			name = Source;
			sourceTree = "<group>";
		};
		133A919517E9785C00E3CC62 /* ReplyWithHeaders */ = {
			isa = PBXGroup;
			children = (
				133A919617E9785C00E3CC62 /* Supporting Files */,
			);
			path = ReplyWithHeaders;
			sourceTree = "<group>";
		};
		133A919617E9785C00E3CC62 /* Supporting Files */ = {
			isa = PBXGroup;
			children = (
				133A919717E9785C00E3CC62 /* ReplyWithHeaders-Info.plist */,
				133A919817E9785C00E3CC62 /* InfoPlist.strings */,
				133A919B17E9785C00E3CC62 /* ReplyWithHeaders-Prefix.pch */,
			);
			name = "Supporting Files";
			sourceTree = "<group>";
		};
		19C28FACFE9D520D11CA2CBB /* Products */ = {
			isa = PBXGroup;
			children = (
				8D1107320486CEB800E47090 /* ReplyWithHeader.mailbundle */,
			);
			name = Products;
			sourceTree = "<group>";
		};
		29B97314FDCFA39411CA2CEA /* ReplyWithHeader */ = {
			isa = PBXGroup;
			children = (
				133A916917E9745A00E3CC62 /* ReplyWithHeader */,
				133A919517E9785C00E3CC62 /* ReplyWithHeaders */,
				29B97323FDCFA39411CA2CEA /* Frameworks */,
				19C28FACFE9D520D11CA2CBB /* Products */,
			);
			name = ReplyWithHeader;
			sourceTree = "<group>";
		};
		29B97323FDCFA39411CA2CEA /* Frameworks */ = {
			isa = PBXGroup;
			children = (
				1058C7A0FEA54F0111CA2CBB /* Linked Frameworks */,
				133A919217E9785C00E3CC62 /* Cocoa.framework */,
				1058C7A2FEA54F0111CA2CBB /* Other Frameworks */,
			);
			name = Frameworks;
			sourceTree = "<group>";
		};
/* End PBXGroup section */

/* Begin PBXNativeTarget section */
		8D1107260486CEB800E47090 /* ReplyWithHeader */ = {
			isa = PBXNativeTarget;
			buildConfigurationList = C01FCF4A08A954540054247B /* Build configuration list for PBXNativeTarget "ReplyWithHeader" */;
			buildPhases = (
				8D1107290486CEB800E47090 /* Resources */,
				8D11072C0486CEB800E47090 /* Sources */,
				8D11072E0486CEB800E47090 /* Frameworks */,
				4D5FEE9312723CCE00A945C5 /* ShellScript */,
				31AF6C991482DD1E00C8ACEB /* CopyFiles */,
			);
			buildRules = (
			);
			dependencies = (
			);
			name = ReplyWithHeader;
			productInstallPath = "$(HOME)/Applications";
			productName = ReplyWithHeader;
			productReference = 8D1107320486CEB800E47090 /* ReplyWithHeader.mailbundle */;
			productType = "com.apple.product-type.bundle";
		};
/* End PBXNativeTarget section */

/* Begin PBXProject section */
		29B97313FDCFA39411CA2CEA /* Project object */ = {
			isa = PBXProject;
			attributes = {
				LastUpgradeCheck = 0460;
			};
			buildConfigurationList = C01FCF4E08A954540054247B /* Build configuration list for PBXProject "ReplyWithHeader" */;
			compatibilityVersion = "Xcode 3.1";
			developmentRegion = English;
			hasScannedForEncodings = 1;
			knownRegions = (
				English,
				Japanese,
				French,
				German,
				en,
			);
			mainGroup = 29B97314FDCFA39411CA2CEA /* ReplyWithHeader */;
			projectDirPath = "";
			projectRoot = "";
			targets = (
				8D1107260486CEB800E47090 /* ReplyWithHeader */,
			);
		};
/* End PBXProject section */

/* Begin PBXResourcesBuildPhase section */
		8D1107290486CEB800E47090 /* Resources */ = {
			isa = PBXResourcesBuildPhase;
			buildActionMask = 2147483647;
			files = (
				133A917F17E9745A00E3CC62 /* LICENSE in Resources */,
				133A918217E9745A00E3CC62 /* ReplyWithHeader.icns in Resources */,
				133A918817E9745A00E3CC62 /* RwhPreferencesPanel.xib in Resources */,
			);
			runOnlyForDeploymentPostprocessing = 0;
		};
/* End PBXResourcesBuildPhase section */

/* Begin PBXShellScriptBuildPhase section */
		4D5FEE9312723CCE00A945C5 /* ShellScript */ = {
			isa = PBXShellScriptBuildPhase;
			buildActionMask = 2147483647;
			files = (
			);
			inputPaths = (
				"$(BUILT_PRODUCTS_DIR)/$(WRAPPER_NAME)",
			);
			outputPaths = (
			);
			runOnlyForDeploymentPostprocessing = 0;
			shellPath = /bin/sh;
			shellScript = "#tar cvfz ReplyWithHeaders.tgz  ${BUILT_PRODUCTS_DIR}/${PRODUCT_NAME}.${WRAPPER_EXTENSION}\nSetFile -a B \"${BUILT_PRODUCTS_DIR}/${PRODUCT_NAME}.${WRAPPER_EXTENSION}\"";
		};
/* End PBXShellScriptBuildPhase section */

/* Begin PBXSourcesBuildPhase section */
		8D11072C0486CEB800E47090 /* Sources */ = {
			isa = PBXSourcesBuildPhase;
			buildActionMask = 2147483647;
			files = (
				133A918017E9745A00E3CC62 /* MailHeaderString.m in Sources */,
				133A918117E9745A00E3CC62 /* MailQuotedOriginal.m in Sources */,
				133A918317E9745A00E3CC62 /* ReplyWithHeader.m in Sources */,
				133A918417E9745A00E3CC62 /* ReplyWithHeaderMessage.m in Sources */,
				133A918517E9745A00E3CC62 /* ReplyWithHeaderPreferences.m in Sources */,
				133A918617E9745A00E3CC62 /* ReplyWithHeaderPreferencesModule.m in Sources */,
			);
			runOnlyForDeploymentPostprocessing = 0;
		};
/* End PBXSourcesBuildPhase section */

/* Begin PBXVariantGroup section */
		133A916A17E9745A00E3CC62 /* InfoPlist.strings */ = {
			isa = PBXVariantGroup;
			children = (
				133A916B17E9745A00E3CC62 /* English */,
			);
			name = InfoPlist.strings;
			sourceTree = "<group>";
		};
		133A919817E9785C00E3CC62 /* InfoPlist.strings */ = {
			isa = PBXVariantGroup;
			children = (
				133A919917E9785C00E3CC62 /* en */,
			);
			name = InfoPlist.strings;
			sourceTree = "<group>";
		};
/* End PBXVariantGroup section */

/* Begin XCBuildConfiguration section */
		C01FCF4B08A954540054247B /* Debug */ = {
			isa = XCBuildConfiguration;
			buildSettings = {
				ALWAYS_SEARCH_USER_PATHS = NO;
				COPY_PHASE_STRIP = YES;
				GCC_DYNAMIC_NO_PIC = NO;
				GCC_MODEL_TUNING = G5;
				GCC_OPTIMIZATION_LEVEL = 0;
				GCC_PRECOMPILE_PREFIX_HEADER = YES;
				GCC_PREFIX_HEADER = ReplyWithHeader/ReplyWithHeader_Prefix.pch;
				GENERATE_PKGINFO_FILE = NO;
				INFOPLIST_FILE = "ReplyWithHeader/Rwh-Info.plist";
				INSTALL_PATH = "$(HOME)/Library/Mail/Bundles";
				LIBRARY_STYLE = BUNDLE;
				MACH_O_TYPE = mh_bundle;
				MACOSX_DEPLOYMENT_TARGET = 10.8;
				OTHER_LDFLAGS = (
					"-undefined",
					dynamic_lookup,
				);
				PRODUCT_NAME = ReplyWithHeader;
				STRIP_STYLE = "non-global";
				WRAPPER_EXTENSION = mailbundle;
				ZERO_LINK = YES;
			};
			name = Debug;
		};
		C01FCF4C08A954540054247B /* Release */ = {
			isa = XCBuildConfiguration;
			buildSettings = {
				ALWAYS_SEARCH_USER_PATHS = NO;
				DEBUG_INFORMATION_FORMAT = "dwarf-with-dsym";
				GCC_DYNAMIC_NO_PIC = NO;
				GCC_MODEL_TUNING = G5;
				GCC_PRECOMPILE_PREFIX_HEADER = YES;
				GCC_PREFIX_HEADER = ReplyWithHeader/ReplyWithHeader_Prefix.pch;
				GENERATE_PKGINFO_FILE = NO;
				INFOPLIST_FILE = "ReplyWithHeader/Rwh-Info.plist";
				INSTALL_PATH = "$(HOME)/Library/Mail/Bundles";
				LIBRARY_STYLE = "";
				MACH_O_TYPE = mh_bundle;
				MACOSX_DEPLOYMENT_TARGET = 10.8;
				OTHER_LDFLAGS = (
					"-undefined",
					dynamic_lookup,
				);
				PRODUCT_NAME = ReplyWithHeader;
				STRIP_STYLE = "non-global";
				WRAPPER_EXTENSION = mailbundle;
			};
			name = Release;
		};
		C01FCF4F08A954540054247B /* Debug */ = {
			isa = XCBuildConfiguration;
			buildSettings = {
				ARCHS = "$(ARCHS_STANDARD_32_64_BIT)";
				GCC_C_LANGUAGE_STANDARD = gnu99;
				GCC_OPTIMIZATION_LEVEL = 0;
				GCC_WARN_ABOUT_RETURN_TYPE = YES;
				GCC_WARN_UNUSED_VARIABLE = YES;
				INFOPLIST_FILE = "ReplyWithHeader/Rwh-Info.plist";
				ONLY_ACTIVE_ARCH = YES;
				PRODUCT_NAME = ReplyWithHeader;
				SDKROOT = macosx;
			};
			name = Debug;
		};
		C01FCF5008A954540054247B /* Release */ = {
			isa = XCBuildConfiguration;
			buildSettings = {
				ARCHS = "$(ARCHS_STANDARD_32_64_BIT)";
				GCC_C_LANGUAGE_STANDARD = gnu99;
				GCC_WARN_ABOUT_RETURN_TYPE = YES;
				GCC_WARN_UNUSED_VARIABLE = YES;
				INFOPLIST_FILE = "ReplyWithHeader/Rwh-Info.plist";
				PRODUCT_NAME = ReplyWithHeader;
				SDKROOT = macosx;
			};
			name = Release;
		};
/* End XCBuildConfiguration section */

/* Begin XCConfigurationList section */
		C01FCF4A08A954540054247B /* Build configuration list for PBXNativeTarget "ReplyWithHeader" */ = {
			isa = XCConfigurationList;
			buildConfigurations = (
				C01FCF4B08A954540054247B /* Debug */,
				C01FCF4C08A954540054247B /* Release */,
			);
			defaultConfigurationIsVisible = 0;
			defaultConfigurationName = Release;
		};
		C01FCF4E08A954540054247B /* Build configuration list for PBXProject "ReplyWithHeader" */ = {
			isa = XCConfigurationList;
			buildConfigurations = (
				C01FCF4F08A954540054247B /* Debug */,
				C01FCF5008A954540054247B /* Release */,
			);
			defaultConfigurationIsVisible = 0;
			defaultConfigurationName = Release;
		};
/* End XCConfigurationList section */
	};
	rootObject = 29B97313FDCFA39411CA2CEA /* Project object */;
}
